
Microsoft Visual Studio Solution File, Format Version 12.00
# Visual Studio 14
VisualStudioVersion = 14.0.25420.1
MinimumVisualStudioVersion = 10.0.40219.1
Project("{FAE04EC0-301F-11D3-BF4B-00C04F79EFBC}") = "Poktogone", "Poktogone\Poktogone.csproj", "{56F99BB4-4539-4DE4-A38F-B5925517BF0F}"
EndProject
Global
	GlobalSection(SolutionConfigurationPlatforms) = preSolution
		Debug|Any CPU = Debug|Any CPU
		Release|Any CPU = Release|Any CPU
	EndGlobalSection
	GlobalSection(ProjectConfigurationPlatforms) = postSolution
		{56F99BB4-4539-4DE4-A38F-B5925517BF0F}.Debug|Any CPU.ActiveCfg = Debug|Any CPU
		{56F99BB4-4539-4DE4-A38F-B5925517BF0F}.Debug|Any CPU.Build.0 = Debug|Any CPU
		{56F99BB4-4539-4DE4-A38F-B5925517BF0F}.Release|Any CPU.ActiveCfg = Release|Any CPU
		{56F99BB4-4539-4DE4-A38F-B5925517BF0F}.Release|Any CPU.Build.0 = Release|Any CPU
	EndGlobalSection
	GlobalSection(SolutionProperties) = preSolution
		HideSolutionNode = FALSE
	EndGlobalSection
EndGlobal
